
Microsoft Visual Studio Solution File, Format Version 12.00
# Visual Studio Version 17
VisualStudioVersion = 17.13.35825.156 d17.13
MinimumVisualStudioVersion = 10.0.40219.1
Project("{FAE04EC0-301F-11D3-BF4B-00C04F79EFBC}") = "SnackTrackerApp", "SnackTrackerApp\SnackTrackerApp.csproj", "{637391C9-8CF5-48C7-988E-C0E56125425F}"
EndProject
Global
	GlobalSection(SolutionConfigurationPlatforms) = preSolution
		Debug|Any CPU = Debug|Any CPU
		Release|Any CPU = Release|Any CPU
	EndGlobalSection
	GlobalSection(ProjectConfigurationPlatforms) = postSolution
		{637391C9-8CF5-48C7-988E-C0E56125425F}.Debug|Any CPU.ActiveCfg = Debug|Any CPU
		{637391C9-8CF5-48C7-988E-C0E56125425F}.Debug|Any CPU.Build.0 = Debug|Any CPU
		{637391C9-8CF5-48C7-988E-C0E56125425F}.Release|Any CPU.ActiveCfg = Release|Any CPU
		{637391C9-8CF5-48C7-988E-C0E56125425F}.Release|Any CPU.Build.0 = Release|Any CPU
	EndGlobalSection
	GlobalSection(SolutionProperties) = preSolution
		HideSolutionNode = FALSE
	EndGlobalSection
	GlobalSection(ExtensibilityGlobals) = postSolution
		SolutionGuid = {5FA9F816-163B-4ED0-89C8-31583C3C9895}
	EndGlobalSection
EndGlobal
